
Microsoft Visual Studio Solution File, Format Version 12.00
# Visual Studio 15
VisualStudioVersion = 15.0.27703.2047
MinimumVisualStudioVersion = 10.0.40219.1
Project("{FAE04EC0-301F-11D3-BF4B-00C04F79EFBC}") = "TSchedule2.UI", "TSchedule2.UI\TSchedule2.UI.csproj", "{9BC3E9D6-861F-4513-A8D7-F8089B9B845E}"
EndProject
Project("{FAE04EC0-301F-11D3-BF4B-00C04F79EFBC}") = "TSchedule2.Data", "TSchedule2.Data\TSchedule2.Data.csproj", "{EE9DD371-7A06-419B-942B-4CF15897A42F}"
EndProject
Project("{FAE04EC0-301F-11D3-BF4B-00C04F79EFBC}") = "TSchedule2.Solver", "TSchedule2.Solver\TSchedule2.Solver.csproj", "{1AC68513-36CE-4D53-B760-AD0C5C65CE2B}"
EndProject
Global
	GlobalSection(SolutionConfigurationPlatforms) = preSolution
		Debug|Any CPU = Debug|Any CPU
		Release|Any CPU = Release|Any CPU
	EndGlobalSection
	GlobalSection(ProjectConfigurationPlatforms) = postSolution
		{9BC3E9D6-861F-4513-A8D7-F8089B9B845E}.Debug|Any CPU.ActiveCfg = Debug|Any CPU
		{9BC3E9D6-861F-4513-A8D7-F8089B9B845E}.Debug|Any CPU.Build.0 = Debug|Any CPU
		{9BC3E9D6-861F-4513-A8D7-F8089B9B845E}.Release|Any CPU.ActiveCfg = Release|Any CPU
		{9BC3E9D6-861F-4513-A8D7-F8089B9B845E}.Release|Any CPU.Build.0 = Release|Any CPU
		{EE9DD371-7A06-419B-942B-4CF15897A42F}.Debug|Any CPU.ActiveCfg = Debug|Any CPU
		{EE9DD371-7A06-419B-942B-4CF15897A42F}.Debug|Any CPU.Build.0 = Debug|Any CPU
		{EE9DD371-7A06-419B-942B-4CF15897A42F}.Release|Any CPU.ActiveCfg = Release|Any CPU
		{EE9DD371-7A06-419B-942B-4CF15897A42F}.Release|Any CPU.Build.0 = Release|Any CPU
		{1AC68513-36CE-4D53-B760-AD0C5C65CE2B}.Debug|Any CPU.ActiveCfg = Debug|Any CPU
		{1AC68513-36CE-4D53-B760-AD0C5C65CE2B}.Debug|Any CPU.Build.0 = Debug|Any CPU
		{1AC68513-36CE-4D53-B760-AD0C5C65CE2B}.Release|Any CPU.ActiveCfg = Release|Any CPU
		{1AC68513-36CE-4D53-B760-AD0C5C65CE2B}.Release|Any CPU.Build.0 = Release|Any CPU
	EndGlobalSection
	GlobalSection(SolutionProperties) = preSolution
		HideSolutionNode = FALSE
	EndGlobalSection
	GlobalSection(ExtensibilityGlobals) = postSolution
		SolutionGuid = {4BD4F85A-FA51-4CA3-99F6-AD70E3DE3DE4}
	EndGlobalSection
EndGlobal
